
Microsoft Visual Studio Solution File, Format Version 12.00
# Visual Studio Version 17
VisualStudioVersion = 17.8.34330.188
MinimumVisualStudioVersion = 10.0.40219.1
Project("{FAE04EC0-301F-11D3-BF4B-00C04F79EFBC}") = "KALSOFT-Test", "KALSOFT-Test\KALSOFT-Test.csproj", "{91EF3ECE-7EB0-4E27-8D7E-E639A463BC76}"
EndProject
Global
	GlobalSection(SolutionConfigurationPlatforms) = preSolution
		Debug|Any CPU = Debug|Any CPU
		Release|Any CPU = Release|Any CPU
	EndGlobalSection
	GlobalSection(ProjectConfigurationPlatforms) = postSolution
		{91EF3ECE-7EB0-4E27-8D7E-E639A463BC76}.Debug|Any CPU.ActiveCfg = Debug|Any CPU
		{91EF3ECE-7EB0-4E27-8D7E-E639A463BC76}.Debug|Any CPU.Build.0 = Debug|Any CPU
		{91EF3ECE-7EB0-4E27-8D7E-E639A463BC76}.Release|Any CPU.ActiveCfg = Release|Any CPU
		{91EF3ECE-7EB0-4E27-8D7E-E639A463BC76}.Release|Any CPU.Build.0 = Release|Any CPU
	EndGlobalSection
	GlobalSection(SolutionProperties) = preSolution
		HideSolutionNode = FALSE
	EndGlobalSection
	GlobalSection(ExtensibilityGlobals) = postSolution
		SolutionGuid = {C5F4B7F5-7D6E-4C6B-883B-A44E1B29BB52}
	EndGlobalSection
EndGlobal
